
Microsoft Visual Studio Solution File, Format Version 12.00
# Visual Studio Version 17
VisualStudioVersion = 17.0.32002.185
MinimumVisualStudioVersion = 10.0.40219.1
Project("{FAE04EC0-301F-11D3-BF4B-00C04F79EFBC}") = "TestXamarinOfflineDataFlow", "TestXamarinOfflineDataFlow\TestXamarinOfflineDataFlow.csproj", "{7162597A-5BD7-4E28-9AE8-76671BEFDC0B}"
EndProject
Global
	GlobalSection(SolutionConfigurationPlatforms) = preSolution
		Debug|Any CPU = Debug|Any CPU
		Release|Any CPU = Release|Any CPU
	EndGlobalSection
	GlobalSection(ProjectConfigurationPlatforms) = postSolution
		{7162597A-5BD7-4E28-9AE8-76671BEFDC0B}.Debug|Any CPU.ActiveCfg = Debug|Any CPU
		{7162597A-5BD7-4E28-9AE8-76671BEFDC0B}.Debug|Any CPU.Build.0 = Debug|Any CPU
		{7162597A-5BD7-4E28-9AE8-76671BEFDC0B}.Release|Any CPU.ActiveCfg = Release|Any CPU
		{7162597A-5BD7-4E28-9AE8-76671BEFDC0B}.Release|Any CPU.Build.0 = Release|Any CPU
	EndGlobalSection
	GlobalSection(SolutionProperties) = preSolution
		HideSolutionNode = FALSE
	EndGlobalSection
	GlobalSection(ExtensibilityGlobals) = postSolution
		SolutionGuid = {35761556-D74B-46A5-9039-89AC906CDF95}
	EndGlobalSection
EndGlobal
